
Microsoft Visual Studio Solution File, Format Version 12.00
# Visual Studio Version 16
VisualStudioVersion = 16.0.32228.343
MinimumVisualStudioVersion = 10.0.40219.1
Project("{FAE04EC0-301F-11D3-BF4B-00C04F79EFBC}") = "Bai6_61132767", "Bai6_61132767\Bai6_61132767.csproj", "{61B8A8DE-4B44-47AA-A39C-F6DB80556D8B}"
EndProject
Global
	GlobalSection(SolutionConfigurationPlatforms) = preSolution
		Debug|Any CPU = Debug|Any CPU
		Release|Any CPU = Release|Any CPU
	EndGlobalSection
	GlobalSection(ProjectConfigurationPlatforms) = postSolution
		{61B8A8DE-4B44-47AA-A39C-F6DB80556D8B}.Debug|Any CPU.ActiveCfg = Debug|Any CPU
		{61B8A8DE-4B44-47AA-A39C-F6DB80556D8B}.Debug|Any CPU.Build.0 = Debug|Any CPU
		{61B8A8DE-4B44-47AA-A39C-F6DB80556D8B}.Release|Any CPU.ActiveCfg = Release|Any CPU
		{61B8A8DE-4B44-47AA-A39C-F6DB80556D8B}.Release|Any CPU.Build.0 = Release|Any CPU
	EndGlobalSection
	GlobalSection(SolutionProperties) = preSolution
		HideSolutionNode = FALSE
	EndGlobalSection
	GlobalSection(ExtensibilityGlobals) = postSolution
		SolutionGuid = {59C9AF69-D7CE-47D6-B50E-F56E9FE9026C}
	EndGlobalSection
EndGlobal
