
Microsoft Visual Studio Solution File, Format Version 12.00
# Visual Studio Version 16
VisualStudioVersion = 16.0.32228.343
MinimumVisualStudioVersion = 10.0.40219.1
Project("{FAE04EC0-301F-11D3-BF4B-00C04F79EFBC}") = "KT0720TênSV_61132767", "KT0720TênSV_61132767\KT0720TênSV_61132767.csproj", "{05B6D690-1C6E-4AB4-85DA-048917B551AE}"
EndProject
Global
	GlobalSection(SolutionConfigurationPlatforms) = preSolution
		Debug|Any CPU = Debug|Any CPU
		Release|Any CPU = Release|Any CPU
	EndGlobalSection
	GlobalSection(ProjectConfigurationPlatforms) = postSolution
		{05B6D690-1C6E-4AB4-85DA-048917B551AE}.Debug|Any CPU.ActiveCfg = Debug|Any CPU
		{05B6D690-1C6E-4AB4-85DA-048917B551AE}.Debug|Any CPU.Build.0 = Debug|Any CPU
		{05B6D690-1C6E-4AB4-85DA-048917B551AE}.Release|Any CPU.ActiveCfg = Release|Any CPU
		{05B6D690-1C6E-4AB4-85DA-048917B551AE}.Release|Any CPU.Build.0 = Release|Any CPU
	EndGlobalSection
	GlobalSection(SolutionProperties) = preSolution
		HideSolutionNode = FALSE
	EndGlobalSection
	GlobalSection(ExtensibilityGlobals) = postSolution
		SolutionGuid = {84493D61-2C00-4410-8140-795E045AD1AF}
	EndGlobalSection
EndGlobal
